
Microsoft Visual Studio Solution File, Format Version 12.00
# Visual Studio Version 17
VisualStudioVersion = 17.13.35825.156 d17.13
MinimumVisualStudioVersion = 10.0.40219.1
Project("{FAE04EC0-301F-11D3-BF4B-00C04F79EFBC}") = "wpf_pract4.1", "wpf_pract4.1\wpf_pract4.1.csproj", "{C8CCF337-B3D6-41CF-8032-73B43BE6EC59}"
EndProject
Global
	GlobalSection(SolutionConfigurationPlatforms) = preSolution
		Debug|Any CPU = Debug|Any CPU
		Release|Any CPU = Release|Any CPU
	EndGlobalSection
	GlobalSection(ProjectConfigurationPlatforms) = postSolution
		{C8CCF337-B3D6-41CF-8032-73B43BE6EC59}.Debug|Any CPU.ActiveCfg = Debug|Any CPU
		{C8CCF337-B3D6-41CF-8032-73B43BE6EC59}.Debug|Any CPU.Build.0 = Debug|Any CPU
		{C8CCF337-B3D6-41CF-8032-73B43BE6EC59}.Release|Any CPU.ActiveCfg = Release|Any CPU
		{C8CCF337-B3D6-41CF-8032-73B43BE6EC59}.Release|Any CPU.Build.0 = Release|Any CPU
	EndGlobalSection
	GlobalSection(SolutionProperties) = preSolution
		HideSolutionNode = FALSE
	EndGlobalSection
	GlobalSection(ExtensibilityGlobals) = postSolution
		SolutionGuid = {C58AED91-CC48-47CB-903F-387EC3ACD0DE}
	EndGlobalSection
EndGlobal
